
Microsoft Visual Studio Solution File, Format Version 12.00
# Visual Studio Version 17
VisualStudioVersion = 17.3.32922.545
MinimumVisualStudioVersion = 10.0.40219.1
Project("{FAE04EC0-301F-11D3-BF4B-00C04F79EFBC}") = "Perfect number", "Perfect number\Perfect number.csproj", "{B1827352-77E9-4066-A54A-3F38344F5E05}"
EndProject
Global
	GlobalSection(SolutionConfigurationPlatforms) = preSolution
		Debug|Any CPU = Debug|Any CPU
		Release|Any CPU = Release|Any CPU
	EndGlobalSection
	GlobalSection(ProjectConfigurationPlatforms) = postSolution
		{B1827352-77E9-4066-A54A-3F38344F5E05}.Debug|Any CPU.ActiveCfg = Debug|Any CPU
		{B1827352-77E9-4066-A54A-3F38344F5E05}.Debug|Any CPU.Build.0 = Debug|Any CPU
		{B1827352-77E9-4066-A54A-3F38344F5E05}.Release|Any CPU.ActiveCfg = Release|Any CPU
		{B1827352-77E9-4066-A54A-3F38344F5E05}.Release|Any CPU.Build.0 = Release|Any CPU
	EndGlobalSection
	GlobalSection(SolutionProperties) = preSolution
		HideSolutionNode = FALSE
	EndGlobalSection
	GlobalSection(ExtensibilityGlobals) = postSolution
		SolutionGuid = {DE0CDD2E-CE36-45DF-A440-9182B708EE01}
	EndGlobalSection
EndGlobal
